
Microsoft Visual Studio Solution File, Format Version 12.00
# Visual Studio Version 17
VisualStudioVersion = 17.10.35027.167
MinimumVisualStudioVersion = 10.0.40219.1
Project("{FAE04EC0-301F-11D3-BF4B-00C04F79EFBC}") = "AquaAvgFramework", "AquaAvgFramework.csproj", "{C4FE7BBF-5473-4E52-AC2C-956AA6720356}"
EndProject
Global
	GlobalSection(SolutionConfigurationPlatforms) = preSolution
		Debug|Any CPU = Debug|Any CPU
		Release|Any CPU = Release|Any CPU
	EndGlobalSection
	GlobalSection(ProjectConfigurationPlatforms) = postSolution
		{C4FE7BBF-5473-4E52-AC2C-956AA6720356}.Debug|Any CPU.ActiveCfg = Debug|Any CPU
		{C4FE7BBF-5473-4E52-AC2C-956AA6720356}.Debug|Any CPU.Build.0 = Debug|Any CPU
		{C4FE7BBF-5473-4E52-AC2C-956AA6720356}.Release|Any CPU.ActiveCfg = Release|Any CPU
		{C4FE7BBF-5473-4E52-AC2C-956AA6720356}.Release|Any CPU.Build.0 = Release|Any CPU
	EndGlobalSection
	GlobalSection(SolutionProperties) = preSolution
		HideSolutionNode = FALSE
	EndGlobalSection
	GlobalSection(ExtensibilityGlobals) = postSolution
		SolutionGuid = {3E585ED9-357C-4246-8E13-6B4E7225507F}
	EndGlobalSection
EndGlobal
